
Microsoft Visual Studio Solution File, Format Version 12.00
# Visual Studio Version 16
VisualStudioVersion = 16.0.32002.261
MinimumVisualStudioVersion = 10.0.40219.1
Project("{FAE04EC0-301F-11D3-BF4B-00C04F79EFBC}") = "SolutionDiagram.CurrentScenario", "SolutionDiagram.CurrentScenario\SolutionDiagram.CurrentScenario.csproj", "{796B99E9-96B8-4004-9242-974D47A82490}"
EndProject
Project("{FAE04EC0-301F-11D3-BF4B-00C04F79EFBC}") = "SolutionDiagram.A", "SolutionDiagram.A\SolutionDiagram.A.csproj", "{C5CEE753-18DB-4DD3-AB83-2183F8827257}"
EndProject
Project("{FAE04EC0-301F-11D3-BF4B-00C04F79EFBC}") = "SolutionDiagram.B", "SolutionDiagram.B\SolutionDiagram.B.csproj", "{5B7860F9-5B03-4EF8-BBBF-801F65EE97BD}"
EndProject
Project("{FAE04EC0-301F-11D3-BF4B-00C04F79EFBC}") = "SolutionDiagram.UnitTest", "SolutionDiagram.UnitTest\SolutionDiagram.UnitTest.csproj", "{DF713711-CE21-4F03-B17F-910A1E52AFC2}"
EndProject
Global
	GlobalSection(SolutionConfigurationPlatforms) = preSolution
		Debug|Any CPU = Debug|Any CPU
		Release|Any CPU = Release|Any CPU
	EndGlobalSection
	GlobalSection(ProjectConfigurationPlatforms) = postSolution
		{796B99E9-96B8-4004-9242-974D47A82490}.Debug|Any CPU.ActiveCfg = Debug|Any CPU
		{796B99E9-96B8-4004-9242-974D47A82490}.Debug|Any CPU.Build.0 = Debug|Any CPU
		{796B99E9-96B8-4004-9242-974D47A82490}.Release|Any CPU.ActiveCfg = Release|Any CPU
		{796B99E9-96B8-4004-9242-974D47A82490}.Release|Any CPU.Build.0 = Release|Any CPU
		{C5CEE753-18DB-4DD3-AB83-2183F8827257}.Debug|Any CPU.ActiveCfg = Debug|Any CPU
		{C5CEE753-18DB-4DD3-AB83-2183F8827257}.Debug|Any CPU.Build.0 = Debug|Any CPU
		{C5CEE753-18DB-4DD3-AB83-2183F8827257}.Release|Any CPU.ActiveCfg = Release|Any CPU
		{C5CEE753-18DB-4DD3-AB83-2183F8827257}.Release|Any CPU.Build.0 = Release|Any CPU
		{5B7860F9-5B03-4EF8-BBBF-801F65EE97BD}.Debug|Any CPU.ActiveCfg = Debug|Any CPU
		{5B7860F9-5B03-4EF8-BBBF-801F65EE97BD}.Debug|Any CPU.Build.0 = Debug|Any CPU
		{5B7860F9-5B03-4EF8-BBBF-801F65EE97BD}.Release|Any CPU.ActiveCfg = Release|Any CPU
		{5B7860F9-5B03-4EF8-BBBF-801F65EE97BD}.Release|Any CPU.Build.0 = Release|Any CPU
		{DF713711-CE21-4F03-B17F-910A1E52AFC2}.Debug|Any CPU.ActiveCfg = Debug|Any CPU
		{DF713711-CE21-4F03-B17F-910A1E52AFC2}.Debug|Any CPU.Build.0 = Debug|Any CPU
		{DF713711-CE21-4F03-B17F-910A1E52AFC2}.Release|Any CPU.ActiveCfg = Release|Any CPU
		{DF713711-CE21-4F03-B17F-910A1E52AFC2}.Release|Any CPU.Build.0 = Release|Any CPU
	EndGlobalSection
	GlobalSection(SolutionProperties) = preSolution
		HideSolutionNode = FALSE
	EndGlobalSection
	GlobalSection(ExtensibilityGlobals) = postSolution
		SolutionGuid = {6FADE09B-4300-4681-9F4F-3FCB33C43DC2}
	EndGlobalSection
EndGlobal
